
Microsoft Visual Studio Solution File, Format Version 12.00
# Visual Studio 15
VisualStudioVersion = 15.0.28010.2016
MinimumVisualStudioVersion = 10.0.40219.1
Project("{FAE04EC0-301F-11D3-BF4B-00C04F79EFBC}") = "AsanaTCreateDll", "AsanaTCreateDll\AsanaTCreateDll.csproj", "{6901E693-9F4B-4655-A08B-7FBE1FAD7C47}"
EndProject
Global
	GlobalSection(SolutionConfigurationPlatforms) = preSolution
		Debug|Any CPU = Debug|Any CPU
		Release|Any CPU = Release|Any CPU
	EndGlobalSection
	GlobalSection(ProjectConfigurationPlatforms) = postSolution
		{6901E693-9F4B-4655-A08B-7FBE1FAD7C47}.Debug|Any CPU.ActiveCfg = Debug|Any CPU
		{6901E693-9F4B-4655-A08B-7FBE1FAD7C47}.Debug|Any CPU.Build.0 = Debug|Any CPU
		{6901E693-9F4B-4655-A08B-7FBE1FAD7C47}.Release|Any CPU.ActiveCfg = Release|Any CPU
		{6901E693-9F4B-4655-A08B-7FBE1FAD7C47}.Release|Any CPU.Build.0 = Release|Any CPU
	EndGlobalSection
	GlobalSection(SolutionProperties) = preSolution
		HideSolutionNode = FALSE
	EndGlobalSection
	GlobalSection(ExtensibilityGlobals) = postSolution
		SolutionGuid = {E4325B67-6B57-49ED-BBE8-8FE643A6D898}
	EndGlobalSection
EndGlobal
